
Microsoft Visual Studio Solution File, Format Version 12.00
# Visual Studio Version 16
VisualStudioVersion = 16.0.30225.117
MinimumVisualStudioVersion = 10.0.40219.1
Project("{FAE04EC0-301F-11D3-BF4B-00C04F79EFBC}") = "Knorish", "Knorish\Knorish.csproj", "{D2F2112A-3D63-4871-BC95-DAC98CB0E0A2}"
EndProject
Project("{FAE04EC0-301F-11D3-BF4B-00C04F79EFBC}") = "Repository", "Repository\Repository.csproj", "{1CD74A2C-E30E-45C5-B5B4-965EDF03461E}"
EndProject
Project("{FAE04EC0-301F-11D3-BF4B-00C04F79EFBC}") = "Service", "Service\Service.csproj", "{D3CA98C9-D390-4556-954A-AC1A3209700F}"
EndProject
Project("{FAE04EC0-301F-11D3-BF4B-00C04F79EFBC}") = "Models", "Models\Models.csproj", "{E4883CCA-3714-4A48-9317-F007AB27B6BA}"
EndProject
Global
	GlobalSection(SolutionConfigurationPlatforms) = preSolution
		Debug|Any CPU = Debug|Any CPU
		Release|Any CPU = Release|Any CPU
	EndGlobalSection
	GlobalSection(ProjectConfigurationPlatforms) = postSolution
		{D2F2112A-3D63-4871-BC95-DAC98CB0E0A2}.Debug|Any CPU.ActiveCfg = Debug|Any CPU
		{D2F2112A-3D63-4871-BC95-DAC98CB0E0A2}.Debug|Any CPU.Build.0 = Debug|Any CPU
		{D2F2112A-3D63-4871-BC95-DAC98CB0E0A2}.Release|Any CPU.ActiveCfg = Release|Any CPU
		{D2F2112A-3D63-4871-BC95-DAC98CB0E0A2}.Release|Any CPU.Build.0 = Release|Any CPU
		{1CD74A2C-E30E-45C5-B5B4-965EDF03461E}.Debug|Any CPU.ActiveCfg = Debug|Any CPU
		{1CD74A2C-E30E-45C5-B5B4-965EDF03461E}.Debug|Any CPU.Build.0 = Debug|Any CPU
		{1CD74A2C-E30E-45C5-B5B4-965EDF03461E}.Release|Any CPU.ActiveCfg = Release|Any CPU
		{1CD74A2C-E30E-45C5-B5B4-965EDF03461E}.Release|Any CPU.Build.0 = Release|Any CPU
		{D3CA98C9-D390-4556-954A-AC1A3209700F}.Debug|Any CPU.ActiveCfg = Debug|Any CPU
		{D3CA98C9-D390-4556-954A-AC1A3209700F}.Debug|Any CPU.Build.0 = Debug|Any CPU
		{D3CA98C9-D390-4556-954A-AC1A3209700F}.Release|Any CPU.ActiveCfg = Release|Any CPU
		{D3CA98C9-D390-4556-954A-AC1A3209700F}.Release|Any CPU.Build.0 = Release|Any CPU
		{E4883CCA-3714-4A48-9317-F007AB27B6BA}.Debug|Any CPU.ActiveCfg = Debug|Any CPU
		{E4883CCA-3714-4A48-9317-F007AB27B6BA}.Debug|Any CPU.Build.0 = Debug|Any CPU
		{E4883CCA-3714-4A48-9317-F007AB27B6BA}.Release|Any CPU.ActiveCfg = Release|Any CPU
		{E4883CCA-3714-4A48-9317-F007AB27B6BA}.Release|Any CPU.Build.0 = Release|Any CPU
	EndGlobalSection
	GlobalSection(SolutionProperties) = preSolution
		HideSolutionNode = FALSE
	EndGlobalSection
	GlobalSection(ExtensibilityGlobals) = postSolution
		SolutionGuid = {8574DCEA-F8E8-4D32-8D8C-BD9E11612A67}
	EndGlobalSection
EndGlobal
